
Microsoft Visual Studio Solution File, Format Version 12.00
# Visual Studio Version 17
VisualStudioVersion = 17.14.36202.13 d17.14
MinimumVisualStudioVersion = 10.0.40219.1
Project("{FAE04EC0-301F-11D3-BF4B-00C04F79EFBC}") = "ButtaLove", "ButtaLove.csproj", "{2621E180-8DC8-4F23-8DE4-720EE141EEA6}"
EndProject
Global
	GlobalSection(SolutionConfigurationPlatforms) = preSolution
		Debug|Any CPU = Debug|Any CPU
		Release|Any CPU = Release|Any CPU
	EndGlobalSection
	GlobalSection(ProjectConfigurationPlatforms) = postSolution
		{2621E180-8DC8-4F23-8DE4-720EE141EEA6}.Debug|Any CPU.ActiveCfg = Debug|Any CPU
		{2621E180-8DC8-4F23-8DE4-720EE141EEA6}.Debug|Any CPU.Build.0 = Debug|Any CPU
		{2621E180-8DC8-4F23-8DE4-720EE141EEA6}.Release|Any CPU.ActiveCfg = Release|Any CPU
		{2621E180-8DC8-4F23-8DE4-720EE141EEA6}.Release|Any CPU.Build.0 = Release|Any CPU
	EndGlobalSection
	GlobalSection(SolutionProperties) = preSolution
		HideSolutionNode = FALSE
	EndGlobalSection
	GlobalSection(ExtensibilityGlobals) = postSolution
		SolutionGuid = {A5B51780-94FD-4DAE-92F0-C0215196FAB3}
	EndGlobalSection
EndGlobal
